PODS:
  - FLEX (2.4.0)
  - YHDebugToolSDK (1.0.0):
    - FLEX

DEPENDENCIES:
  - YHDebugToolSDK (from `../`)

SPEC REPOS:
  trunk:
    - FLEX

EXTERNAL SOURCES:
  YHDebugToolSDK:
    :path: "../"

SPEC CHECKSUMS:
  FLEX: bd1a39e55b56bb413b6f1b34b3c10a0dc44ef079
  YHDebugToolSDK: 065a1a8b97f2f4118ce74c30c900b52b54e0f5cd

PODFILE CHECKSUM: f5a00c542a0c4a035d3b73ac2c6295c3cd8cf4b5

COCOAPODS: 1.9.0
