PODS:
  - FLEX (2.4.0)
  - YHDebugToolSDK (1.0.0):
    - FLEX

DEPENDENCIES:
  - YHDebugToolSDK (from `../`)

SPEC REPOS:
  trunk:
    - FLEX

EXTERNAL SOURCES:
  YHDebugToolSDK:
    :path: "../"

SPEC CHECKSUMS:
  FLEX: bd1a39e55b56bb413b6f1b34b3c10a0dc44ef079
  YHDebugToolSDK: 5f2cab0114a26c5260e81f9c4a443c7d24592ddb

PODFILE CHECKSUM: f5a00c542a0c4a035d3b73ac2c6295c3cd8cf4b5

COCOAPODS: 1.9.0
